
Microsoft Visual Studio Solution File, Format Version 11.00
# Visual C# Express 2010
Project("{FAE04EC0-301F-11D3-BF4B-00C04F79EFBC}") = "Game", "TestGame\TestGame\Game.csproj", "{9DB1C4B5-5B52-4C95-93EE-0280EA4C8805}"
EndProject
Project("{FAE04EC0-301F-11D3-BF4B-00C04F79EFBC}") = "TestGameContent", "TestGame\TestGameContent\TestGameContent.contentproj", "{2A4E3229-4237-4C0F-B923-5CAFA7789FA1}"
EndProject
Project("{FAE04EC0-301F-11D3-BF4B-00C04F79EFBC}") = "Core", "Core\Core.csproj", "{525A3C41-F0A2-40F2-93A8-819C30D64B3B}"
EndProject
Project("{FAE04EC0-301F-11D3-BF4B-00C04F79EFBC}") = "WorldManager", "WorldManager\WorldManager.csproj", "{93E06FCE-346B-4333-AC66-22C8651E226B}"
EndProject
Project("{FAE04EC0-301F-11D3-BF4B-00C04F79EFBC}") = "Debug", "Debug\Debug.csproj", "{347E5A57-7F1B-49A5-A637-D49BE71F6F1C}"
EndProject
Project("{FAE04EC0-301F-11D3-BF4B-00C04F79EFBC}") = "TmxProcessorLib", "TmxProcessorLib\TmxProcessorLib.csproj", "{34F93E51-C959-4F9C-A8C3-0584ED9C27D5}"
EndProject
Project("{FAE04EC0-301F-11D3-BF4B-00C04F79EFBC}") = "DebugPipeline", "DebugPipeline\DebugPipeline.csproj", "{20369F44-C11C-43E3-9407-BD1B9C355531}"
EndProject
Project("{FAE04EC0-301F-11D3-BF4B-00C04F79EFBC}") = "FontProcessorLib", "FontProcessorLib\FontProcessorLib.csproj", "{6867B53F-C496-4083-9117-3070D9A6DD9C}"
EndProject
Project("{FAE04EC0-301F-11D3-BF4B-00C04F79EFBC}") = "MapData", "MapData\MapData.csproj", "{2A9FB9C8-0CD3-42F3-9343-6DABE152E5C2}"
EndProject
Project("{FAE04EC0-301F-11D3-BF4B-00C04F79EFBC}") = "Fonts", "Fonts\Fonts.csproj", "{1D5C61AC-DF07-4521-BE2C-EFA9D33914F7}"
EndProject
Project("{FAE04EC0-301F-11D3-BF4B-00C04F79EFBC}") = "Maths", "Maths\Maths.csproj", "{5E15C6DB-4C37-4B3F-8D66-05DB0EDD8104}"
EndProject
Project("{FAE04EC0-301F-11D3-BF4B-00C04F79EFBC}") = "TmxImporterLib", "TmxImporterLib\TmxImporterLib.csproj", "{D74361AE-A5BF-4AE8-8897-927F0D7FF2C2}"
EndProject
Global
	GlobalSection(SolutionConfigurationPlatforms) = preSolution
		Debug|x86 = Debug|x86
		Debug|Xbox 360 = Debug|Xbox 360
		DebugPipeline|x86 = DebugPipeline|x86
		DebugPipeline|Xbox 360 = DebugPipeline|Xbox 360
		Release|x86 = Release|x86
		Release|Xbox 360 = Release|Xbox 360
	EndGlobalSection
	GlobalSection(ProjectConfigurationPlatforms) = postSolution
		{9DB1C4B5-5B52-4C95-93EE-0280EA4C8805}.Debug|x86.ActiveCfg = Debug|x86
		{9DB1C4B5-5B52-4C95-93EE-0280EA4C8805}.Debug|x86.Build.0 = Debug|x86
		{9DB1C4B5-5B52-4C95-93EE-0280EA4C8805}.Debug|Xbox 360.ActiveCfg = Debug|x86
		{9DB1C4B5-5B52-4C95-93EE-0280EA4C8805}.DebugPipeline|x86.ActiveCfg = Debug|x86
		{9DB1C4B5-5B52-4C95-93EE-0280EA4C8805}.DebugPipeline|Xbox 360.ActiveCfg = Debug|x86
		{9DB1C4B5-5B52-4C95-93EE-0280EA4C8805}.Release|x86.ActiveCfg = Release|x86
		{9DB1C4B5-5B52-4C95-93EE-0280EA4C8805}.Release|x86.Build.0 = Release|x86
		{9DB1C4B5-5B52-4C95-93EE-0280EA4C8805}.Release|Xbox 360.ActiveCfg = Release|x86
		{2A4E3229-4237-4C0F-B923-5CAFA7789FA1}.Debug|x86.ActiveCfg = Debug|x86
		{2A4E3229-4237-4C0F-B923-5CAFA7789FA1}.Debug|Xbox 360.ActiveCfg = Debug|x86
		{2A4E3229-4237-4C0F-B923-5CAFA7789FA1}.DebugPipeline|x86.ActiveCfg = Debug|x86
		{2A4E3229-4237-4C0F-B923-5CAFA7789FA1}.DebugPipeline|Xbox 360.ActiveCfg = Debug|x86
		{2A4E3229-4237-4C0F-B923-5CAFA7789FA1}.Release|x86.ActiveCfg = Release|x86
		{2A4E3229-4237-4C0F-B923-5CAFA7789FA1}.Release|Xbox 360.ActiveCfg = Release|x86
		{525A3C41-F0A2-40F2-93A8-819C30D64B3B}.Debug|x86.ActiveCfg = Debug|x86
		{525A3C41-F0A2-40F2-93A8-819C30D64B3B}.Debug|x86.Build.0 = Debug|x86
		{525A3C41-F0A2-40F2-93A8-819C30D64B3B}.Debug|Xbox 360.ActiveCfg = Debug|x86
		{525A3C41-F0A2-40F2-93A8-819C30D64B3B}.DebugPipeline|x86.ActiveCfg = Debug|x86
		{525A3C41-F0A2-40F2-93A8-819C30D64B3B}.DebugPipeline|Xbox 360.ActiveCfg = Debug|x86
		{525A3C41-F0A2-40F2-93A8-819C30D64B3B}.Release|x86.ActiveCfg = Release|x86
		{525A3C41-F0A2-40F2-93A8-819C30D64B3B}.Release|x86.Build.0 = Release|x86
		{525A3C41-F0A2-40F2-93A8-819C30D64B3B}.Release|Xbox 360.ActiveCfg = Release|x86
		{93E06FCE-346B-4333-AC66-22C8651E226B}.Debug|x86.ActiveCfg = Debug|x86
		{93E06FCE-346B-4333-AC66-22C8651E226B}.Debug|x86.Build.0 = Debug|x86
		{93E06FCE-346B-4333-AC66-22C8651E226B}.Debug|Xbox 360.ActiveCfg = Debug|x86
		{93E06FCE-346B-4333-AC66-22C8651E226B}.DebugPipeline|x86.ActiveCfg = Debug|x86
		{93E06FCE-346B-4333-AC66-22C8651E226B}.DebugPipeline|Xbox 360.ActiveCfg = Debug|x86
		{93E06FCE-346B-4333-AC66-22C8651E226B}.Release|x86.ActiveCfg = Release|x86
		{93E06FCE-346B-4333-AC66-22C8651E226B}.Release|x86.Build.0 = Release|x86
		{93E06FCE-346B-4333-AC66-22C8651E226B}.Release|Xbox 360.ActiveCfg = Release|x86
		{347E5A57-7F1B-49A5-A637-D49BE71F6F1C}.Debug|x86.ActiveCfg = Debug|x86
		{347E5A57-7F1B-49A5-A637-D49BE71F6F1C}.Debug|x86.Build.0 = Debug|x86
		{347E5A57-7F1B-49A5-A637-D49BE71F6F1C}.Debug|Xbox 360.ActiveCfg = Debug|x86
		{347E5A57-7F1B-49A5-A637-D49BE71F6F1C}.DebugPipeline|x86.ActiveCfg = Debug|x86
		{347E5A57-7F1B-49A5-A637-D49BE71F6F1C}.DebugPipeline|Xbox 360.ActiveCfg = Debug|x86
		{347E5A57-7F1B-49A5-A637-D49BE71F6F1C}.Release|x86.ActiveCfg = Release|x86
		{347E5A57-7F1B-49A5-A637-D49BE71F6F1C}.Release|x86.Build.0 = Release|x86
		{347E5A57-7F1B-49A5-A637-D49BE71F6F1C}.Release|Xbox 360.ActiveCfg = Release|x86
		{34F93E51-C959-4F9C-A8C3-0584ED9C27D5}.Debug|x86.ActiveCfg = Debug|x86
		{34F93E51-C959-4F9C-A8C3-0584ED9C27D5}.Debug|x86.Build.0 = Debug|x86
		{34F93E51-C959-4F9C-A8C3-0584ED9C27D5}.Debug|Xbox 360.ActiveCfg = Debug|x86
		{34F93E51-C959-4F9C-A8C3-0584ED9C27D5}.Debug|Xbox 360.Build.0 = Debug|x86
		{34F93E51-C959-4F9C-A8C3-0584ED9C27D5}.DebugPipeline|x86.ActiveCfg = Debug|x86
		{34F93E51-C959-4F9C-A8C3-0584ED9C27D5}.DebugPipeline|x86.Build.0 = Debug|x86
		{34F93E51-C959-4F9C-A8C3-0584ED9C27D5}.DebugPipeline|Xbox 360.ActiveCfg = Debug|x86
		{34F93E51-C959-4F9C-A8C3-0584ED9C27D5}.DebugPipeline|Xbox 360.Build.0 = Debug|x86
		{34F93E51-C959-4F9C-A8C3-0584ED9C27D5}.Release|x86.ActiveCfg = Debug|x86
		{34F93E51-C959-4F9C-A8C3-0584ED9C27D5}.Release|x86.Build.0 = Debug|x86
		{34F93E51-C959-4F9C-A8C3-0584ED9C27D5}.Release|Xbox 360.ActiveCfg = Debug|x86
		{34F93E51-C959-4F9C-A8C3-0584ED9C27D5}.Release|Xbox 360.Build.0 = Debug|x86
		{20369F44-C11C-43E3-9407-BD1B9C355531}.Debug|x86.ActiveCfg = Debug|x86
		{20369F44-C11C-43E3-9407-BD1B9C355531}.Debug|Xbox 360.ActiveCfg = Debug|x86
		{20369F44-C11C-43E3-9407-BD1B9C355531}.DebugPipeline|x86.ActiveCfg = Debug|x86
		{20369F44-C11C-43E3-9407-BD1B9C355531}.DebugPipeline|x86.Build.0 = Debug|x86
		{20369F44-C11C-43E3-9407-BD1B9C355531}.DebugPipeline|Xbox 360.ActiveCfg = Debug|x86
		{20369F44-C11C-43E3-9407-BD1B9C355531}.Release|x86.ActiveCfg = Release|x86
		{20369F44-C11C-43E3-9407-BD1B9C355531}.Release|Xbox 360.ActiveCfg = Release|x86
		{6867B53F-C496-4083-9117-3070D9A6DD9C}.Debug|x86.ActiveCfg = Debug|x86
		{6867B53F-C496-4083-9117-3070D9A6DD9C}.Debug|x86.Build.0 = Debug|x86
		{6867B53F-C496-4083-9117-3070D9A6DD9C}.Debug|Xbox 360.ActiveCfg = Debug|Xbox 360
		{6867B53F-C496-4083-9117-3070D9A6DD9C}.Debug|Xbox 360.Build.0 = Debug|Xbox 360
		{6867B53F-C496-4083-9117-3070D9A6DD9C}.DebugPipeline|x86.ActiveCfg = Debug|Xbox 360
		{6867B53F-C496-4083-9117-3070D9A6DD9C}.DebugPipeline|x86.Build.0 = Debug|Xbox 360
		{6867B53F-C496-4083-9117-3070D9A6DD9C}.DebugPipeline|Xbox 360.ActiveCfg = Debug|Xbox 360
		{6867B53F-C496-4083-9117-3070D9A6DD9C}.DebugPipeline|Xbox 360.Build.0 = Debug|Xbox 360
		{6867B53F-C496-4083-9117-3070D9A6DD9C}.Release|x86.ActiveCfg = Release|x86
		{6867B53F-C496-4083-9117-3070D9A6DD9C}.Release|x86.Build.0 = Release|x86
		{6867B53F-C496-4083-9117-3070D9A6DD9C}.Release|Xbox 360.ActiveCfg = Release|Xbox 360
		{6867B53F-C496-4083-9117-3070D9A6DD9C}.Release|Xbox 360.Build.0 = Release|Xbox 360
		{2A9FB9C8-0CD3-42F3-9343-6DABE152E5C2}.Debug|x86.ActiveCfg = Debug|x86
		{2A9FB9C8-0CD3-42F3-9343-6DABE152E5C2}.Debug|x86.Build.0 = Debug|x86
		{2A9FB9C8-0CD3-42F3-9343-6DABE152E5C2}.Debug|Xbox 360.ActiveCfg = Debug|x86
		{2A9FB9C8-0CD3-42F3-9343-6DABE152E5C2}.DebugPipeline|x86.ActiveCfg = Debug|x86
		{2A9FB9C8-0CD3-42F3-9343-6DABE152E5C2}.DebugPipeline|x86.Build.0 = Debug|x86
		{2A9FB9C8-0CD3-42F3-9343-6DABE152E5C2}.DebugPipeline|Xbox 360.ActiveCfg = Debug|x86
		{2A9FB9C8-0CD3-42F3-9343-6DABE152E5C2}.Release|x86.ActiveCfg = Release|x86
		{2A9FB9C8-0CD3-42F3-9343-6DABE152E5C2}.Release|x86.Build.0 = Release|x86
		{2A9FB9C8-0CD3-42F3-9343-6DABE152E5C2}.Release|Xbox 360.ActiveCfg = Release|x86
		{1D5C61AC-DF07-4521-BE2C-EFA9D33914F7}.Debug|x86.ActiveCfg = Debug|x86
		{1D5C61AC-DF07-4521-BE2C-EFA9D33914F7}.Debug|x86.Build.0 = Debug|x86
		{1D5C61AC-DF07-4521-BE2C-EFA9D33914F7}.Debug|Xbox 360.ActiveCfg = Debug|x86
		{1D5C61AC-DF07-4521-BE2C-EFA9D33914F7}.DebugPipeline|x86.ActiveCfg = Debug|x86
		{1D5C61AC-DF07-4521-BE2C-EFA9D33914F7}.DebugPipeline|x86.Build.0 = Debug|x86
		{1D5C61AC-DF07-4521-BE2C-EFA9D33914F7}.DebugPipeline|Xbox 360.ActiveCfg = Debug|x86
		{1D5C61AC-DF07-4521-BE2C-EFA9D33914F7}.Release|x86.ActiveCfg = Release|x86
		{1D5C61AC-DF07-4521-BE2C-EFA9D33914F7}.Release|x86.Build.0 = Release|x86
		{1D5C61AC-DF07-4521-BE2C-EFA9D33914F7}.Release|Xbox 360.ActiveCfg = Release|x86
		{5E15C6DB-4C37-4B3F-8D66-05DB0EDD8104}.Debug|x86.ActiveCfg = Debug|x86
		{5E15C6DB-4C37-4B3F-8D66-05DB0EDD8104}.Debug|x86.Build.0 = Debug|x86
		{5E15C6DB-4C37-4B3F-8D66-05DB0EDD8104}.Debug|Xbox 360.ActiveCfg = Debug|x86
		{5E15C6DB-4C37-4B3F-8D66-05DB0EDD8104}.DebugPipeline|x86.ActiveCfg = Debug|x86
		{5E15C6DB-4C37-4B3F-8D66-05DB0EDD8104}.DebugPipeline|x86.Build.0 = Debug|x86
		{5E15C6DB-4C37-4B3F-8D66-05DB0EDD8104}.DebugPipeline|Xbox 360.ActiveCfg = Debug|x86
		{5E15C6DB-4C37-4B3F-8D66-05DB0EDD8104}.Release|x86.ActiveCfg = Release|x86
		{5E15C6DB-4C37-4B3F-8D66-05DB0EDD8104}.Release|x86.Build.0 = Release|x86
		{5E15C6DB-4C37-4B3F-8D66-05DB0EDD8104}.Release|Xbox 360.ActiveCfg = Release|x86
		{D74361AE-A5BF-4AE8-8897-927F0D7FF2C2}.Debug|x86.ActiveCfg = Debug|x86
		{D74361AE-A5BF-4AE8-8897-927F0D7FF2C2}.Debug|x86.Build.0 = Debug|x86
		{D74361AE-A5BF-4AE8-8897-927F0D7FF2C2}.Debug|Xbox 360.ActiveCfg = Debug|x86
		{D74361AE-A5BF-4AE8-8897-927F0D7FF2C2}.Debug|Xbox 360.Build.0 = Debug|x86
		{D74361AE-A5BF-4AE8-8897-927F0D7FF2C2}.DebugPipeline|x86.ActiveCfg = Debug|x86
		{D74361AE-A5BF-4AE8-8897-927F0D7FF2C2}.DebugPipeline|x86.Build.0 = Debug|x86
		{D74361AE-A5BF-4AE8-8897-927F0D7FF2C2}.DebugPipeline|Xbox 360.ActiveCfg = Debug|x86
		{D74361AE-A5BF-4AE8-8897-927F0D7FF2C2}.DebugPipeline|Xbox 360.Build.0 = Debug|x86
		{D74361AE-A5BF-4AE8-8897-927F0D7FF2C2}.Release|x86.ActiveCfg = Debug|x86
		{D74361AE-A5BF-4AE8-8897-927F0D7FF2C2}.Release|x86.Build.0 = Debug|x86
		{D74361AE-A5BF-4AE8-8897-927F0D7FF2C2}.Release|Xbox 360.ActiveCfg = Debug|x86
		{D74361AE-A5BF-4AE8-8897-927F0D7FF2C2}.Release|Xbox 360.Build.0 = Debug|x86
	EndGlobalSection
	GlobalSection(SolutionProperties) = preSolution
		HideSolutionNode = FALSE
	EndGlobalSection
EndGlobal
